
Microsoft Visual Studio Solution File, Format Version 12.00
# Visual Studio Version 17
VisualStudioVersion = 17.14.36202.13 d17.14
MinimumVisualStudioVersion = 10.0.40219.1
Project("{FAE04EC0-301F-11D3-BF4B-00C04F79EFBC}") = "JoFotara_Integration", "JoFotara_Integration\JoFotara_Integration.csproj", "{DD7657E6-B36F-42AF-8174-2358D4ED85C8}"
EndProject
Global
	GlobalSection(SolutionConfigurationPlatforms) = preSolution
		Debug|Any CPU = Debug|Any CPU
		Release|Any CPU = Release|Any CPU
	EndGlobalSection
	GlobalSection(ProjectConfigurationPlatforms) = postSolution
		{DD7657E6-B36F-42AF-8174-2358D4ED85C8}.Debug|Any CPU.ActiveCfg = Debug|Any CPU
		{DD7657E6-B36F-42AF-8174-2358D4ED85C8}.Debug|Any CPU.Build.0 = Debug|Any CPU
		{DD7657E6-B36F-42AF-8174-2358D4ED85C8}.Release|Any CPU.ActiveCfg = Release|Any CPU
		{DD7657E6-B36F-42AF-8174-2358D4ED85C8}.Release|Any CPU.Build.0 = Release|Any CPU
	EndGlobalSection
	GlobalSection(SolutionProperties) = preSolution
		HideSolutionNode = FALSE
	EndGlobalSection
	GlobalSection(ExtensibilityGlobals) = postSolution
		SolutionGuid = {4DF5493E-A438-4882-872B-B61452203552}
	EndGlobalSection
EndGlobal
